// !$*UTF8*$!
{
	archiveVersion = 1;
	classes = {
	};
	objectVersion = 56;
	objects = {

/* Begin PBXBuildFile section */
		AC88A0F42B4E5BA800630C51 /* ImageView.swift in Sources */ = {isa = PBXBuildFile; fileRef = AC88A0F32B4E5BA800630C51 /* ImageView.swift */; };
		AC88A0F62B4E5C3B00630C51 /* SafeArea.swift in Sources */ = {isa = PBXBuildFile; fileRef = AC88A0F52B4E5C3B00630C51 /* SafeArea.swift */; };
		AC88A0F82B4E5D9100630C51 /* TextView.swift in Sources */ = {isa = PBXBuildFile; fileRef = AC88A0F72B4E5D9100630C51 /* TextView.swift */; };
		AC88A0FA2B4E5E3D00630C51 /* MaxWidthAndFrameAlignment.swift in Sources */ = {isa = PBXBuildFile; fileRef = AC88A0F92B4E5E3D00630C51 /* MaxWidthAndFrameAlignment.swift */; };
		AC88A0FC2B4E5EE100630C51 /* ShadowAndColorOpacity.swift in Sources */ = {isa = PBXBuildFile; fileRef = AC88A0FB2B4E5EE100630C51 /* ShadowAndColorOpacity.swift */; };
		AC88A0FF2B4E5F9F00630C51 /* MaskAndTransparency.swift in Sources */ = {isa = PBXBuildFile; fileRef = AC88A0FE2B4E5F9F00630C51 /* MaskAndTransparency.swift */; };
		AC88A1012B4E67A600630C51 /* ClipShapeAndSmoothCorners.swift in Sources */ = {isa = PBXBuildFile; fileRef = AC88A1002B4E67A600630C51 /* ClipShapeAndSmoothCorners.swift */; };
		AC88A1032B4E67D200630C51 /* TabViewPagination.swift in Sources */ = {isa = PBXBuildFile; fileRef = AC88A1022B4E67D200630C51 /* TabViewPagination.swift */; };
		AC88A1052B4E687800630C51 /* AnimationStates.swift in Sources */ = {isa = PBXBuildFile; fileRef = AC88A1042B4E687800630C51 /* AnimationStates.swift */; };
		AC88A1072B4E690600630C51 /* ViewTransitionsAndAnimations.swift in Sources */ = {isa = PBXBuildFile; fileRef = AC88A1062B4E690600630C51 /* ViewTransitionsAndAnimations.swift */; };
		ACBE2BC52B4D95D6009D6BDE /* SwiftUI_HandbookApp.swift in Sources */ = {isa = PBXBuildFile; fileRef = ACBE2BC42B4D95D6009D6BDE /* SwiftUI_HandbookApp.swift */; };
		ACBE2BC72B4D95D6009D6BDE /* ContentView.swift in Sources */ = {isa = PBXBuildFile; fileRef = ACBE2BC62B4D95D6009D6BDE /* ContentView.swift */; };
		ACBE2BC92B4D95D8009D6BDE /* Assets.xcassets in Resources */ = {isa = PBXBuildFile; fileRef = ACBE2BC82B4D95D8009D6BDE /* Assets.xcassets */; };
		ACBE2BCC2B4D95D8009D6BDE /* Preview Assets.xcassets in Resources */ = {isa = PBXBuildFile; fileRef = ACBE2BCB2B4D95D8009D6BDE /* Preview Assets.xcassets */; };
		ACBE2BD42B4D9625009D6BDE /* StacksAndSpacer.swift in Sources */ = {isa = PBXBuildFile; fileRef = ACBE2BD32B4D9625009D6BDE /* StacksAndSpacer.swift */; };
		ACBE2BD62B4D97DB009D6BDE /* ShapesAndStroke.swift in Sources */ = {isa = PBXBuildFile; fileRef = ACBE2BD52B4D97DB009D6BDE /* ShapesAndStroke.swift */; };
		ACBE2BD82B4D9903009D6BDE /* SFSymbols.swift in Sources */ = {isa = PBXBuildFile; fileRef = ACBE2BD72B4D9903009D6BDE /* SFSymbols.swift */; };
		ACBE2BDA2B4D9A3B009D6BDE /* ColorLiteral.swift in Sources */ = {isa = PBXBuildFile; fileRef = ACBE2BD92B4D9A3B009D6BDE /* ColorLiteral.swift */; };
		ACBE2BDC2B4D9B20009D6BDE /* Sidebar.swift in Sources */ = {isa = PBXBuildFile; fileRef = ACBE2BDB2B4D9B20009D6BDE /* Sidebar.swift */; };
		ACBE2BDE2B4D9C91009D6BDE /* Toolbar.swift in Sources */ = {isa = PBXBuildFile; fileRef = ACBE2BDD2B4D9C91009D6BDE /* Toolbar.swift */; };
/* End PBXBuildFile section */

/* Begin PBXFileReference section */
		AC88A0F32B4E5BA800630C51 /* ImageView.swift */ = {isa = PBXFileReference; lastKnownFileType = sourcecode.swift; path = ImageView.swift; sourceTree = "<group>"; };
		AC88A0F52B4E5C3B00630C51 /* SafeArea.swift */ = {isa = PBXFileReference; lastKnownFileType = sourcecode.swift; path = SafeArea.swift; sourceTree = "<group>"; };
		AC88A0F72B4E5D9100630C51 /* TextView.swift */ = {isa = PBXFileReference; lastKnownFileType = sourcecode.swift; path = TextView.swift; sourceTree = "<group>"; };
		AC88A0F92B4E5E3D00630C51 /* MaxWidthAndFrameAlignment.swift */ = {isa = PBXFileReference; lastKnownFileType = sourcecode.swift; path = MaxWidthAndFrameAlignment.swift; sourceTree = "<group>"; };
		AC88A0FB2B4E5EE100630C51 /* ShadowAndColorOpacity.swift */ = {isa = PBXFileReference; lastKnownFileType = sourcecode.swift; path = ShadowAndColorOpacity.swift; sourceTree = "<group>"; };
		AC88A0FE2B4E5F9F00630C51 /* MaskAndTransparency.swift */ = {isa = PBXFileReference; lastKnownFileType = sourcecode.swift; path = MaskAndTransparency.swift; sourceTree = "<group>"; };
		AC88A1002B4E67A600630C51 /* ClipShapeAndSmoothCorners.swift */ = {isa = PBXFileReference; lastKnownFileType = sourcecode.swift; path = ClipShapeAndSmoothCorners.swift; sourceTree = "<group>"; };
		AC88A1022B4E67D200630C51 /* TabViewPagination.swift */ = {isa = PBXFileReference; lastKnownFileType = sourcecode.swift; path = TabViewPagination.swift; sourceTree = "<group>"; };
		AC88A1042B4E687800630C51 /* AnimationStates.swift */ = {isa = PBXFileReference; lastKnownFileType = sourcecode.swift; path = AnimationStates.swift; sourceTree = "<group>"; };
		AC88A1062B4E690600630C51 /* ViewTransitionsAndAnimations.swift */ = {isa = PBXFileReference; lastKnownFileType = sourcecode.swift; path = ViewTransitionsAndAnimations.swift; sourceTree = "<group>"; };
		ACBE2BC12B4D95D6009D6BDE /* SwiftUI_Handbook.app */ = {isa = PBXFileReference; explicitFileType = wrapper.application; includeInIndex = 0; path = SwiftUI_Handbook.app; sourceTree = BUILT_PRODUCTS_DIR; };
		ACBE2BC42B4D95D6009D6BDE /* SwiftUI_HandbookApp.swift */ = {isa = PBXFileReference; lastKnownFileType = sourcecode.swift; path = SwiftUI_HandbookApp.swift; sourceTree = "<group>"; };
		ACBE2BC62B4D95D6009D6BDE /* ContentView.swift */ = {isa = PBXFileReference; lastKnownFileType = sourcecode.swift; path = ContentView.swift; sourceTree = "<group>"; };
		ACBE2BC82B4D95D8009D6BDE /* Assets.xcassets */ = {isa = PBXFileReference; lastKnownFileType = folder.assetcatalog; path = Assets.xcassets; sourceTree = "<group>"; };
		ACBE2BCB2B4D95D8009D6BDE /* Preview Assets.xcassets */ = {isa = PBXFileReference; lastKnownFileType = folder.assetcatalog; path = "Preview Assets.xcassets"; sourceTree = "<group>"; };
		ACBE2BD32B4D9625009D6BDE /* StacksAndSpacer.swift */ = {isa = PBXFileReference; lastKnownFileType = sourcecode.swift; path = StacksAndSpacer.swift; sourceTree = "<group>"; };
		ACBE2BD52B4D97DB009D6BDE /* ShapesAndStroke.swift */ = {isa = PBXFileReference; lastKnownFileType = sourcecode.swift; path = ShapesAndStroke.swift; sourceTree = "<group>"; };
		ACBE2BD72B4D9903009D6BDE /* SFSymbols.swift */ = {isa = PBXFileReference; lastKnownFileType = sourcecode.swift; path = SFSymbols.swift; sourceTree = "<group>"; };
		ACBE2BD92B4D9A3B009D6BDE /* ColorLiteral.swift */ = {isa = PBXFileReference; lastKnownFileType = sourcecode.swift; path = ColorLiteral.swift; sourceTree = "<group>"; };
		ACBE2BDB2B4D9B20009D6BDE /* Sidebar.swift */ = {isa = PBXFileReference; lastKnownFileType = sourcecode.swift; path = Sidebar.swift; sourceTree = "<group>"; };
		ACBE2BDD2B4D9C91009D6BDE /* Toolbar.swift */ = {isa = PBXFileReference; lastKnownFileType = sourcecode.swift; path = Toolbar.swift; sourceTree = "<group>"; };
/* End PBXFileReference section */

/* Begin PBXFrameworksBuildPhase section */
		ACBE2BBE2B4D95D6009D6BDE /* Frameworks */ = {
			isa = PBXFrameworksBuildPhase;
			buildActionMask = 2147483647;
			files = (
			);
			runOnlyForDeploymentPostprocessing = 0;
		};
/* End PBXFrameworksBuildPhase section */

/* Begin PBXGroup section */
		ACBE2BB82B4D95D6009D6BDE = {
			isa = PBXGroup;
			children = (
				ACBE2BC32B4D95D6009D6BDE /* SwiftUI_Handbook */,
				ACBE2BC22B4D95D6009D6BDE /* Products */,
			);
			sourceTree = "<group>";
		};
		ACBE2BC22B4D95D6009D6BDE /* Products */ = {
			isa = PBXGroup;
			children = (
				ACBE2BC12B4D95D6009D6BDE /* SwiftUI_Handbook.app */,
			);
			name = Products;
			sourceTree = "<group>";
		};
		ACBE2BC32B4D95D6009D6BDE /* SwiftUI_Handbook */ = {
			isa = PBXGroup;
			children = (
				ACBE2BD22B4D95F6009D6BDE /* Tutorial */,
				ACBE2BC42B4D95D6009D6BDE /* SwiftUI_HandbookApp.swift */,
				ACBE2BC62B4D95D6009D6BDE /* ContentView.swift */,
				ACBE2BC82B4D95D8009D6BDE /* Assets.xcassets */,
				ACBE2BCA2B4D95D8009D6BDE /* Preview Content */,
			);
			path = SwiftUI_Handbook;
			sourceTree = "<group>";
		};
		ACBE2BCA2B4D95D8009D6BDE /* Preview Content */ = {
			isa = PBXGroup;
			children = (
				ACBE2BCB2B4D95D8009D6BDE /* Preview Assets.xcassets */,
			);
			path = "Preview Content";
			sourceTree = "<group>";
		};
		ACBE2BD22B4D95F6009D6BDE /* Tutorial */ = {
			isa = PBXGroup;
			children = (
				ACBE2BD32B4D9625009D6BDE /* StacksAndSpacer.swift */,
				ACBE2BD52B4D97DB009D6BDE /* ShapesAndStroke.swift */,
				ACBE2BD72B4D9903009D6BDE /* SFSymbols.swift */,
				ACBE2BD92B4D9A3B009D6BDE /* ColorLiteral.swift */,
				ACBE2BDB2B4D9B20009D6BDE /* Sidebar.swift */,
				ACBE2BDD2B4D9C91009D6BDE /* Toolbar.swift */,
				AC88A0F32B4E5BA800630C51 /* ImageView.swift */,
				AC88A0F52B4E5C3B00630C51 /* SafeArea.swift */,
				AC88A0F72B4E5D9100630C51 /* TextView.swift */,
				AC88A0F92B4E5E3D00630C51 /* MaxWidthAndFrameAlignment.swift */,
				AC88A0FB2B4E5EE100630C51 /* ShadowAndColorOpacity.swift */,
				AC88A0FE2B4E5F9F00630C51 /* MaskAndTransparency.swift */,
				AC88A1002B4E67A600630C51 /* ClipShapeAndSmoothCorners.swift */,
				AC88A1022B4E67D200630C51 /* TabViewPagination.swift */,
				AC88A1042B4E687800630C51 /* AnimationStates.swift */,
				AC88A1062B4E690600630C51 /* ViewTransitionsAndAnimations.swift */,
			);
			path = Tutorial;
			sourceTree = "<group>";
		};
/* End PBXGroup section */

/* Begin PBXNativeTarget section */
		ACBE2BC02B4D95D6009D6BDE /* SwiftUI_Handbook */ = {
			isa = PBXNativeTarget;
			buildConfigurationList = ACBE2BCF2B4D95D8009D6BDE /* Build configuration list for PBXNativeTarget "SwiftUI_Handbook" */;
			buildPhases = (
				ACBE2BBD2B4D95D6009D6BDE /* Sources */,
				ACBE2BBE2B4D95D6009D6BDE /* Frameworks */,
				ACBE2BBF2B4D95D6009D6BDE /* Resources */,
			);
			buildRules = (
			);
			dependencies = (
			);
			name = SwiftUI_Handbook;
			productName = SwiftUI_Handbook;
			productReference = ACBE2BC12B4D95D6009D6BDE /* SwiftUI_Handbook.app */;
			productType = "com.apple.product-type.application";
		};
/* End PBXNativeTarget section */

/* Begin PBXProject section */
		ACBE2BB92B4D95D6009D6BDE /* Project object */ = {
			isa = PBXProject;
			attributes = {
				BuildIndependentTargetsInParallel = 1;
				LastSwiftUpdateCheck = 1510;
				LastUpgradeCheck = 1510;
				TargetAttributes = {
					ACBE2BC02B4D95D6009D6BDE = {
						CreatedOnToolsVersion = 15.1;
					};
				};
			};
			buildConfigurationList = ACBE2BBC2B4D95D6009D6BDE /* Build configuration list for PBXProject "SwiftUI_Handbook" */;
			compatibilityVersion = "Xcode 14.0";
			developmentRegion = en;
			hasScannedForEncodings = 0;
			knownRegions = (
				en,
				Base,
			);
			mainGroup = ACBE2BB82B4D95D6009D6BDE;
			productRefGroup = ACBE2BC22B4D95D6009D6BDE /* Products */;
			projectDirPath = "";
			projectRoot = "";
			targets = (
				ACBE2BC02B4D95D6009D6BDE /* SwiftUI_Handbook */,
			);
		};
/* End PBXProject section */

/* Begin PBXResourcesBuildPhase section */
		ACBE2BBF2B4D95D6009D6BDE /* Resources */ = {
			isa = PBXResourcesBuildPhase;
			buildActionMask = 2147483647;
			files = (
				ACBE2BCC2B4D95D8009D6BDE /* Preview Assets.xcassets in Resources */,
				ACBE2BC92B4D95D8009D6BDE /* Assets.xcassets in Resources */,
			);
			runOnlyForDeploymentPostprocessing = 0;
		};
/* End PBXResourcesBuildPhase section */

/* Begin PBXSourcesBuildPhase section */
		ACBE2BBD2B4D95D6009D6BDE /* Sources */ = {
			isa = PBXSourcesBuildPhase;
			buildActionMask = 2147483647;
			files = (
				ACBE2BD42B4D9625009D6BDE /* StacksAndSpacer.swift in Sources */,
				AC88A0F82B4E5D9100630C51 /* TextView.swift in Sources */,
				AC88A0FC2B4E5EE100630C51 /* ShadowAndColorOpacity.swift in Sources */,
				AC88A1012B4E67A600630C51 /* ClipShapeAndSmoothCorners.swift in Sources */,
				AC88A1072B4E690600630C51 /* ViewTransitionsAndAnimations.swift in Sources */,
				ACBE2BDA2B4D9A3B009D6BDE /* ColorLiteral.swift in Sources */,
				ACBE2BC72B4D95D6009D6BDE /* ContentView.swift in Sources */,
				AC88A0FF2B4E5F9F00630C51 /* MaskAndTransparency.swift in Sources */,
				ACBE2BDE2B4D9C91009D6BDE /* Toolbar.swift in Sources */,
				ACBE2BD82B4D9903009D6BDE /* SFSymbols.swift in Sources */,
				ACBE2BC52B4D95D6009D6BDE /* SwiftUI_HandbookApp.swift in Sources */,
				AC88A1052B4E687800630C51 /* AnimationStates.swift in Sources */,
				AC88A0F42B4E5BA800630C51 /* ImageView.swift in Sources */,
				ACBE2BDC2B4D9B20009D6BDE /* Sidebar.swift in Sources */,
				AC88A0FA2B4E5E3D00630C51 /* MaxWidthAndFrameAlignment.swift in Sources */,
				ACBE2BD62B4D97DB009D6BDE /* ShapesAndStroke.swift in Sources */,
				AC88A1032B4E67D200630C51 /* TabViewPagination.swift in Sources */,
				AC88A0F62B4E5C3B00630C51 /* SafeArea.swift in Sources */,
			);
			runOnlyForDeploymentPostprocessing = 0;
		};
/* End PBXSourcesBuildPhase section */

/* Begin XCBuildConfiguration section */
		ACBE2BCD2B4D95D8009D6BDE /* Debug */ = {
			isa = XCBuildConfiguration;
			buildSettings = {
				ALWAYS_SEARCH_USER_PATHS = NO;
				ASSETCATALOG_COMPILER_GENERATE_SWIFT_ASSET_SYMBOL_EXTENSIONS = YES;
				CLANG_ANALYZER_NONNULL = YES;
				CLANG_ANALYZER_NUMBER_OBJECT_CONVERSION = YES_AGGRESSIVE;
				CLANG_CXX_LANGUAGE_STANDARD = "gnu++20";
				CLANG_ENABLE_MODULES = YES;
				CLANG_ENABLE_OBJC_ARC = YES;
				CLANG_ENABLE_OBJC_WEAK = YES;
				CLANG_WARN_BLOCK_CAPTURE_AUTORELEASING = YES;
				CLANG_WARN_BOOL_CONVERSION = YES;
				CLANG_WARN_COMMA = YES;
				CLANG_WARN_CONSTANT_CONVERSION = YES;
				CLANG_WARN_DEPRECATED_OBJC_IMPLEMENTATIONS = YES;
				CLANG_WARN_DIRECT_OBJC_ISA_USAGE = YES_ERROR;
				CLANG_WARN_DOCUMENTATION_COMMENTS = YES;
				CLANG_WARN_EMPTY_BODY = YES;
				CLANG_WARN_ENUM_CONVERSION = YES;
				CLANG_WARN_INFINITE_RECURSION = YES;
				CLANG_WARN_INT_CONVERSION = YES;
				CLANG_WARN_NON_LITERAL_NULL_CONVERSION = YES;
				CLANG_WARN_OBJC_IMPLICIT_RETAIN_SELF = YES;
				CLANG_WARN_OBJC_LITERAL_CONVERSION = YES;
				CLANG_WARN_OBJC_ROOT_CLASS = YES_ERROR;
				CLANG_WARN_QUOTED_INCLUDE_IN_FRAMEWORK_HEADER = YES;
				CLANG_WARN_RANGE_LOOP_ANALYSIS = YES;
				CLANG_WARN_STRICT_PROTOTYPES = YES;
				CLANG_WARN_SUSPICIOUS_MOVE = YES;
				CLANG_WARN_UNGUARDED_AVAILABILITY = YES_AGGRESSIVE;
				CLANG_WARN_UNREACHABLE_CODE = YES;
				CLANG_WARN__DUPLICATE_METHOD_MATCH = YES;
				COPY_PHASE_STRIP = NO;
				DEBUG_INFORMATION_FORMAT = dwarf;
				ENABLE_STRICT_OBJC_MSGSEND = YES;
				ENABLE_TESTABILITY = YES;
				ENABLE_USER_SCRIPT_SANDBOXING = YES;
				GCC_C_LANGUAGE_STANDARD = gnu17;
				GCC_DYNAMIC_NO_PIC = NO;
				GCC_NO_COMMON_BLOCKS = YES;
				GCC_OPTIMIZATION_LEVEL = 0;
				GCC_PREPROCESSOR_DEFINITIONS = (
					"DEBUG=1",
					"$(inherited)",
				);
				GCC_WARN_64_TO_32_BIT_CONVERSION = YES;
				GCC_WARN_ABOUT_RETURN_TYPE = YES_ERROR;
				GCC_WARN_UNDECLARED_SELECTOR = YES;
				GCC_WARN_UNINITIALIZED_AUTOS = YES_AGGRESSIVE;
				GCC_WARN_UNUSED_FUNCTION = YES;
				GCC_WARN_UNUSED_VARIABLE = YES;
				IPHONEOS_DEPLOYMENT_TARGET = 17.2;
				LOCALIZATION_PREFERS_STRING_CATALOGS = YES;
				MTL_ENABLE_DEBUG_INFO = INCLUDE_SOURCE;
				MTL_FAST_MATH = YES;
				ONLY_ACTIVE_ARCH = YES;
				SDKROOT = iphoneos;
				SWIFT_ACTIVE_COMPILATION_CONDITIONS = "DEBUG $(inherited)";
				SWIFT_OPTIMIZATION_LEVEL = "-Onone";
			};
			name = Debug;
		};
		ACBE2BCE2B4D95D8009D6BDE /* Release */ = {
			isa = XCBuildConfiguration;
			buildSettings = {
				ALWAYS_SEARCH_USER_PATHS = NO;
				ASSETCATALOG_COMPILER_GENERATE_SWIFT_ASSET_SYMBOL_EXTENSIONS = YES;
				CLANG_ANALYZER_NONNULL = YES;
				CLANG_ANALYZER_NUMBER_OBJECT_CONVERSION = YES_AGGRESSIVE;
				CLANG_CXX_LANGUAGE_STANDARD = "gnu++20";
				CLANG_ENABLE_MODULES = YES;
				CLANG_ENABLE_OBJC_ARC = YES;
				CLANG_ENABLE_OBJC_WEAK = YES;
				CLANG_WARN_BLOCK_CAPTURE_AUTORELEASING = YES;
				CLANG_WARN_BOOL_CONVERSION = YES;
				CLANG_WARN_COMMA = YES;
				CLANG_WARN_CONSTANT_CONVERSION = YES;
				CLANG_WARN_DEPRECATED_OBJC_IMPLEMENTATIONS = YES;
				CLANG_WARN_DIRECT_OBJC_ISA_USAGE = YES_ERROR;
				CLANG_WARN_DOCUMENTATION_COMMENTS = YES;
				CLANG_WARN_EMPTY_BODY = YES;
				CLANG_WARN_ENUM_CONVERSION = YES;
				CLANG_WARN_INFINITE_RECURSION = YES;
				CLANG_WARN_INT_CONVERSION = YES;
				CLANG_WARN_NON_LITERAL_NULL_CONVERSION = YES;
				CLANG_WARN_OBJC_IMPLICIT_RETAIN_SELF = YES;
				CLANG_WARN_OBJC_LITERAL_CONVERSION = YES;
				CLANG_WARN_OBJC_ROOT_CLASS = YES_ERROR;
				CLANG_WARN_QUOTED_INCLUDE_IN_FRAMEWORK_HEADER = YES;
				CLANG_WARN_RANGE_LOOP_ANALYSIS = YES;
				CLANG_WARN_STRICT_PROTOTYPES = YES;
				CLANG_WARN_SUSPICIOUS_MOVE = YES;
				CLANG_WARN_UNGUARDED_AVAILABILITY = YES_AGGRESSIVE;
				CLANG_WARN_UNREACHABLE_CODE = YES;
				CLANG_WARN__DUPLICATE_METHOD_MATCH = YES;
				COPY_PHASE_STRIP = NO;
				DEBUG_INFORMATION_FORMAT = "dwarf-with-dsym";
				ENABLE_NS_ASSERTIONS = NO;
				ENABLE_STRICT_OBJC_MSGSEND = YES;
				ENABLE_USER_SCRIPT_SANDBOXING = YES;
				GCC_C_LANGUAGE_STANDARD = gnu17;
				GCC_NO_COMMON_BLOCKS = YES;
				GCC_WARN_64_TO_32_BIT_CONVERSION = YES;
				GCC_WARN_ABOUT_RETURN_TYPE = YES_ERROR;
				GCC_WARN_UNDECLARED_SELECTOR = YES;
				GCC_WARN_UNINITIALIZED_AUTOS = YES_AGGRESSIVE;
				GCC_WARN_UNUSED_FUNCTION = YES;
				GCC_WARN_UNUSED_VARIABLE = YES;
				IPHONEOS_DEPLOYMENT_TARGET = 17.2;
				LOCALIZATION_PREFERS_STRING_CATALOGS = YES;
				MTL_ENABLE_DEBUG_INFO = NO;
				MTL_FAST_MATH = YES;
				SDKROOT = iphoneos;
				SWIFT_COMPILATION_MODE = wholemodule;
				VALIDATE_PRODUCT = YES;
			};
			name = Release;
		};
		ACBE2BD02B4D95D8009D6BDE /* Debug */ = {
			isa = XCBuildConfiguration;
			buildSettings = {
				ASSETCATALOG_COMPILER_APPICON_NAME = AppIcon;
				ASSETCATALOG_COMPILER_GLOBAL_ACCENT_COLOR_NAME = AccentColor;
				CODE_SIGN_STYLE = Automatic;
				CURRENT_PROJECT_VERSION = 1;
				DEVELOPMENT_ASSET_PATHS = "\"SwiftUI_Handbook/Preview Content\"";
				ENABLE_PREVIEWS = YES;
				GENERATE_INFOPLIST_FILE = YES;
				INFOPLIST_KEY_UIApplicationSceneManifest_Generation = YES;
				INFOPLIST_KEY_UIApplicationSupportsIndirectInputEvents = YES;
				INFOPLIST_KEY_UILaunchScreen_Generation = YES;
				INFOPLIST_KEY_UISupportedInterfaceOrientations_iPad = "UIInterfaceOrientationPortrait UIInterfaceOrientationPortraitUpsideDown UIInterfaceOrientationLandscapeLeft UIInterfaceOrientationLandscapeRight";
				INFOPLIST_KEY_UISupportedInterfaceOrientations_iPhone = "UIInterfaceOrientationPortrait UIInterfaceOrientationLandscapeLeft UIInterfaceOrientationLandscapeRight";
				LD_RUNPATH_SEARCH_PATHS = (
					"$(inherited)",
					"@executable_path/Frameworks",
				);
				MARKETING_VERSION = 1.0;
				PRODUCT_BUNDLE_IDENTIFIER = "xyz.bpradana.SwiftUI-Handbook";
				PRODUCT_NAME = "$(TARGET_NAME)";
				SWIFT_EMIT_LOC_STRINGS = YES;
				SWIFT_VERSION = 5.0;
				TARGETED_DEVICE_FAMILY = "1,2";
			};
			name = Debug;
		};
		ACBE2BD12B4D95D8009D6BDE /* Release */ = {
			isa = XCBuildConfiguration;
			buildSettings = {
				ASSETCATALOG_COMPILER_APPICON_NAME = AppIcon;
				ASSETCATALOG_COMPILER_GLOBAL_ACCENT_COLOR_NAME = AccentColor;
				CODE_SIGN_STYLE = Automatic;
				CURRENT_PROJECT_VERSION = 1;
				DEVELOPMENT_ASSET_PATHS = "\"SwiftUI_Handbook/Preview Content\"";
				ENABLE_PREVIEWS = YES;
				GENERATE_INFOPLIST_FILE = YES;
				INFOPLIST_KEY_UIApplicationSceneManifest_Generation = YES;
				INFOPLIST_KEY_UIApplicationSupportsIndirectInputEvents = YES;
				INFOPLIST_KEY_UILaunchScreen_Generation = YES;
				INFOPLIST_KEY_UISupportedInterfaceOrientations_iPad = "UIInterfaceOrientationPortrait UIInterfaceOrientationPortraitUpsideDown UIInterfaceOrientationLandscapeLeft UIInterfaceOrientationLandscapeRight";
				INFOPLIST_KEY_UISupportedInterfaceOrientations_iPhone = "UIInterfaceOrientationPortrait UIInterfaceOrientationLandscapeLeft UIInterfaceOrientationLandscapeRight";
				LD_RUNPATH_SEARCH_PATHS = (
					"$(inherited)",
					"@executable_path/Frameworks",
				);
				MARKETING_VERSION = 1.0;
				PRODUCT_BUNDLE_IDENTIFIER = "xyz.bpradana.SwiftUI-Handbook";
				PRODUCT_NAME = "$(TARGET_NAME)";
				SWIFT_EMIT_LOC_STRINGS = YES;
				SWIFT_VERSION = 5.0;
				TARGETED_DEVICE_FAMILY = "1,2";
			};
			name = Release;
		};
/* End XCBuildConfiguration section */

/* Begin XCConfigurationList section */
		ACBE2BBC2B4D95D6009D6BDE /* Build configuration list for PBXProject "SwiftUI_Handbook" */ = {
			isa = XCConfigurationList;
			buildConfigurations = (
				ACBE2BCD2B4D95D8009D6BDE /* Debug */,
				ACBE2BCE2B4D95D8009D6BDE /* Release */,
			);
			defaultConfigurationIsVisible = 0;
			defaultConfigurationName = Release;
		};
		ACBE2BCF2B4D95D8009D6BDE /* Build configuration list for PBXNativeTarget "SwiftUI_Handbook" */ = {
			isa = XCConfigurationList;
			buildConfigurations = (
				ACBE2BD02B4D95D8009D6BDE /* Debug */,
				ACBE2BD12B4D95D8009D6BDE /* Release */,
			);
			defaultConfigurationIsVisible = 0;
			defaultConfigurationName = Release;
		};
/* End XCConfigurationList section */
	};
	rootObject = ACBE2BB92B4D95D6009D6BDE /* Project object */;
}
